
Microsoft Visual Studio Solution File, Format Version 12.00
# Visual Studio Version 17
VisualStudioVersion = 17.14.36401.2 d17.14
MinimumVisualStudioVersion = 10.0.40219.1
Project("{FAE04EC0-301F-11D3-BF4B-00C04F79EFBC}") = "CSharpEgitimKampi501", "CSharpEgitimKampi501\CSharpEgitimKampi501.csproj", "{390B8A09-9907-496F-BB88-DBA7EE03031D}"
EndProject
Global
	GlobalSection(SolutionConfigurationPlatforms) = preSolution
		Debug|Any CPU = Debug|Any CPU
		Release|Any CPU = Release|Any CPU
	EndGlobalSection
	GlobalSection(ProjectConfigurationPlatforms) = postSolution
		{390B8A09-9907-496F-BB88-DBA7EE03031D}.Debug|Any CPU.ActiveCfg = Debug|Any CPU
		{390B8A09-9907-496F-BB88-DBA7EE03031D}.Debug|Any CPU.Build.0 = Debug|Any CPU
		{390B8A09-9907-496F-BB88-DBA7EE03031D}.Release|Any CPU.ActiveCfg = Release|Any CPU
		{390B8A09-9907-496F-BB88-DBA7EE03031D}.Release|Any CPU.Build.0 = Release|Any CPU
	EndGlobalSection
	GlobalSection(SolutionProperties) = preSolution
		HideSolutionNode = FALSE
	EndGlobalSection
	GlobalSection(ExtensibilityGlobals) = postSolution
		SolutionGuid = {04258A94-A0FB-4BB2-B423-EBD2DD619362}
	EndGlobalSection
EndGlobal
